
Microsoft Visual Studio Solution File, Format Version 12.00
# Visual Studio 15
VisualStudioVersion = 15.0.28307.136
MinimumVisualStudioVersion = 10.0.40219.1
Project("{2150E333-8FDC-42A3-9474-1A3956D46DE8}") = "01 - Service", "01 - Service", "{F854A39F-D7DF-44B8-A498-DA156CF68446}"
EndProject
Project("{2150E333-8FDC-42A3-9474-1A3956D46DE8}") = "03 - Core", "03 - Core", "{C0223F23-9E83-473B-8CA1-736F8F3C2EC5}"
EndProject
Project("{FAE04EC0-301F-11D3-BF4B-00C04F79EFBC}") = "Exam.Domain", "Exam.Domain\Exam.Domain.csproj", "{3015B21F-757E-46F7-A177-A53363BC09A3}"
EndProject
Project("{FAE04EC0-301F-11D3-BF4B-00C04F79EFBC}") = "Exam.Business", "Exam.Business\Exam.Business.csproj", "{02204487-94E4-406A-B4A3-C03EEC563473}"
EndProject
Project("{2150E333-8FDC-42A3-9474-1A3956D46DE8}") = "02 - Infrastructure", "02 - Infrastructure", "{03C9857B-B224-49A5-9FB8-AE8D5B9732C2}"
EndProject
Project("{FAE04EC0-301F-11D3-BF4B-00C04F79EFBC}") = "Exam.Persistance", "Exam.Persistance\Exam.Persistance.csproj", "{4A330CB0-00E1-417A-92C0-20E5FA7127AB}"
EndProject
Global
	GlobalSection(SolutionConfigurationPlatforms) = preSolution
		Debug|Any CPU = Debug|Any CPU
		Release|Any CPU = Release|Any CPU
	EndGlobalSection
	GlobalSection(ProjectConfigurationPlatforms) = postSolution
		{3015B21F-757E-46F7-A177-A53363BC09A3}.Debug|Any CPU.ActiveCfg = Debug|Any CPU
		{3015B21F-757E-46F7-A177-A53363BC09A3}.Debug|Any CPU.Build.0 = Debug|Any CPU
		{3015B21F-757E-46F7-A177-A53363BC09A3}.Release|Any CPU.ActiveCfg = Release|Any CPU
		{3015B21F-757E-46F7-A177-A53363BC09A3}.Release|Any CPU.Build.0 = Release|Any CPU
		{02204487-94E4-406A-B4A3-C03EEC563473}.Debug|Any CPU.ActiveCfg = Debug|Any CPU
		{02204487-94E4-406A-B4A3-C03EEC563473}.Debug|Any CPU.Build.0 = Debug|Any CPU
		{02204487-94E4-406A-B4A3-C03EEC563473}.Release|Any CPU.ActiveCfg = Release|Any CPU
		{02204487-94E4-406A-B4A3-C03EEC563473}.Release|Any CPU.Build.0 = Release|Any CPU
		{4A330CB0-00E1-417A-92C0-20E5FA7127AB}.Debug|Any CPU.ActiveCfg = Debug|Any CPU
		{4A330CB0-00E1-417A-92C0-20E5FA7127AB}.Debug|Any CPU.Build.0 = Debug|Any CPU
		{4A330CB0-00E1-417A-92C0-20E5FA7127AB}.Release|Any CPU.ActiveCfg = Release|Any CPU
		{4A330CB0-00E1-417A-92C0-20E5FA7127AB}.Release|Any CPU.Build.0 = Release|Any CPU
	EndGlobalSection
	GlobalSection(SolutionProperties) = preSolution
		HideSolutionNode = FALSE
	EndGlobalSection
	GlobalSection(NestedProjects) = preSolution
		{3015B21F-757E-46F7-A177-A53363BC09A3} = {C0223F23-9E83-473B-8CA1-736F8F3C2EC5}
		{02204487-94E4-406A-B4A3-C03EEC563473} = {C0223F23-9E83-473B-8CA1-736F8F3C2EC5}
		{4A330CB0-00E1-417A-92C0-20E5FA7127AB} = {03C9857B-B224-49A5-9FB8-AE8D5B9732C2}
	EndGlobalSection
	GlobalSection(ExtensibilityGlobals) = postSolution
		SolutionGuid = {DA1A6813-F171-46B5-B7C4-FB5F1093A608}
	EndGlobalSection
EndGlobal
